
Microsoft Visual Studio Solution File, Format Version 12.00
# Visual Studio Version 17
VisualStudioVersion = 17.12.35527.113 d17.12
MinimumVisualStudioVersion = 10.0.40219.1
Project("{FAE04EC0-301F-11D3-BF4B-00C04F79EFBC}") = "ElevatorSimulator", "ElevatorSimulator\ElevatorSimulator.csproj", "{A18738EC-BB76-4E9B-985A-48BDCCDDBBD7}"
EndProject
Project("{FAE04EC0-301F-11D3-BF4B-00C04F79EFBC}") = "ElevatorSimulator.Tests", "ElevatorSimulator.Tests\ElevatorSimulator.Tests.csproj", "{4D24A69E-5EA5-4027-A1D2-5BCCF5738907}"
EndProject
Global
	GlobalSection(SolutionConfigurationPlatforms) = preSolution
		Debug|Any CPU = Debug|Any CPU
		Release|Any CPU = Release|Any CPU
	EndGlobalSection
	GlobalSection(ProjectConfigurationPlatforms) = postSolution
		{A18738EC-BB76-4E9B-985A-48BDCCDDBBD7}.Debug|Any CPU.ActiveCfg = Debug|Any CPU
		{A18738EC-BB76-4E9B-985A-48BDCCDDBBD7}.Debug|Any CPU.Build.0 = Debug|Any CPU
		{A18738EC-BB76-4E9B-985A-48BDCCDDBBD7}.Release|Any CPU.ActiveCfg = Release|Any CPU
		{A18738EC-BB76-4E9B-985A-48BDCCDDBBD7}.Release|Any CPU.Build.0 = Release|Any CPU
		{4D24A69E-5EA5-4027-A1D2-5BCCF5738907}.Debug|Any CPU.ActiveCfg = Debug|Any CPU
		{4D24A69E-5EA5-4027-A1D2-5BCCF5738907}.Debug|Any CPU.Build.0 = Debug|Any CPU
		{4D24A69E-5EA5-4027-A1D2-5BCCF5738907}.Release|Any CPU.ActiveCfg = Release|Any CPU
		{4D24A69E-5EA5-4027-A1D2-5BCCF5738907}.Release|Any CPU.Build.0 = Release|Any CPU
	EndGlobalSection
	GlobalSection(SolutionProperties) = preSolution
		HideSolutionNode = FALSE
	EndGlobalSection
EndGlobal
